
Microsoft Visual Studio Solution File, Format Version 12.00
# Visual Studio Version 16
VisualStudioVersion = 16.0.31205.134
MinimumVisualStudioVersion = 10.0.40219.1
Project("{159641D6-6404-4A2A-AE62-294DE0FE8301}") = "AplicandoSSIS2", "AplicandoSSIS2\AplicandoSSIS2.dtproj", "{11991174-B9D6-4B33-83E4-A4D96E3F23E3}"
EndProject
Global
	GlobalSection(SolutionConfigurationPlatforms) = preSolution
		Development|Default = Development|Default
	EndGlobalSection
	GlobalSection(ProjectConfigurationPlatforms) = postSolution
		{11991174-B9D6-4B33-83E4-A4D96E3F23E3}.Development|Default.ActiveCfg = Development
		{11991174-B9D6-4B33-83E4-A4D96E3F23E3}.Development|Default.Build.0 = Development
	EndGlobalSection
	GlobalSection(SolutionProperties) = preSolution
		HideSolutionNode = FALSE
	EndGlobalSection
	GlobalSection(ExtensibilityGlobals) = postSolution
		SolutionGuid = {1C0DD0A8-2549-4681-B827-5992C6990CAE}
	EndGlobalSection
EndGlobal
